Microsoft Visual Studio Solution File, Format Version 12.00
# Visual Studio Version 17
VisualStudioVersion = 17.5.2.0
MinimumVisualStudioVersion = 10.0.40219.1
Project("{FAE04EC0-301F-11D3-BF4B-00C04F79EFBC}") = "FoodECommerce", "FoodECommerce.csproj", "{EF6863D4-1778-B677-8B3F-FEE5163B006C}"
EndProject
Global
	GlobalSection(SolutionConfigurationPlatforms) = preSolution
		Debug|Any CPU = Debug|Any CPU
		Release|Any CPU = Release|Any CPU
	EndGlobalSection
	GlobalSection(ProjectConfigurationPlatforms) = postSolution
		{EF6863D4-1778-B677-8B3F-FEE5163B006C}.Debug|Any CPU.ActiveCfg = Debug|Any CPU
		{EF6863D4-1778-B677-8B3F-FEE5163B006C}.Debug|Any CPU.Build.0 = Debug|Any CPU
		{EF6863D4-1778-B677-8B3F-FEE5163B006C}.Release|Any CPU.ActiveCfg = Release|Any CPU
		{EF6863D4-1778-B677-8B3F-FEE5163B006C}.Release|Any CPU.Build.0 = Release|Any CPU
	EndGlobalSection
	GlobalSection(SolutionProperties) = preSolution
		HideSolutionNode = FALSE
	EndGlobalSection
	GlobalSection(ExtensibilityGlobals) = postSolution
		SolutionGuid = {987723FC-B897-4C0B-8822-A7BBA3F2A756}
	EndGlobalSection
EndGlobal
